
Microsoft Visual Studio Solution File, Format Version 12.00
# Visual Studio Version 16
VisualStudioVersion = 16.0.31025.194
MinimumVisualStudioVersion = 10.0.40219.1
Project("{9A19103F-16F7-4668-BE54-9A1E7A4F7556}") = "CorpusSearch", "CorpusSearch\CorpusSearch.csproj", "{7130D3A0-B683-4274-9353-EE9646D6B29A}"
EndProject
Project("{9A19103F-16F7-4668-BE54-9A1E7A4F7556}") = "CorpusSearch.Test", "CorpusSearch.Test\CorpusSearch.Test.csproj", "{15E0C74B-1D31-4B5A-A967-776EAE87C3DA}"
EndProject
Global
	GlobalSection(SolutionConfigurationPlatforms) = preSolution
		Debug|Any CPU = Debug|Any CPU
		Release|Any CPU = Release|Any CPU
	EndGlobalSection
	GlobalSection(ProjectConfigurationPlatforms) = postSolution
		{7130D3A0-B683-4274-9353-EE9646D6B29A}.Debug|Any CPU.ActiveCfg = Debug|Any CPU
		{7130D3A0-B683-4274-9353-EE9646D6B29A}.Debug|Any CPU.Build.0 = Debug|Any CPU
		{7130D3A0-B683-4274-9353-EE9646D6B29A}.Release|Any CPU.ActiveCfg = Release|Any CPU
		{7130D3A0-B683-4274-9353-EE9646D6B29A}.Release|Any CPU.Build.0 = Release|Any CPU
		{15E0C74B-1D31-4B5A-A967-776EAE87C3DA}.Debug|Any CPU.ActiveCfg = Debug|Any CPU
		{15E0C74B-1D31-4B5A-A967-776EAE87C3DA}.Debug|Any CPU.Build.0 = Debug|Any CPU
		{15E0C74B-1D31-4B5A-A967-776EAE87C3DA}.Release|Any CPU.ActiveCfg = Release|Any CPU
		{15E0C74B-1D31-4B5A-A967-776EAE87C3DA}.Release|Any CPU.Build.0 = Release|Any CPU
	EndGlobalSection
	GlobalSection(SolutionProperties) = preSolution
		HideSolutionNode = FALSE
	EndGlobalSection
	GlobalSection(ExtensibilityGlobals) = postSolution
		SolutionGuid = {A626B979-7FB9-4550-8AAC-2EC65F3416EF}
	EndGlobalSection
EndGlobal
